
Microsoft Visual Studio Solution File, Format Version 12.00
# Visual Studio Version 17
VisualStudioVersion = 17.8.34330.188
MinimumVisualStudioVersion = 10.0.40219.1
Project("{9A19103F-16F7-4668-BE54-9A1E7A4F7556}") = "OLab.TurkTalk.Endpoints", "Endpoints\OLab.TurkTalk.Endpoints.csproj", "{5891AC2E-1138-4B1D-AAD8-F9FCA5EE9141}"
EndProject
Project("{9A19103F-16F7-4668-BE54-9A1E7A4F7556}") = "OLab.TurkTalk.Data", "Data\OLab.TurkTalk.Data.csproj", "{FBFBF41C-D4C5-49F5-B043-02BE3D05F4EF}"
EndProject
Project("{9A19103F-16F7-4668-BE54-9A1E7A4F7556}") = "OLab.TurkTalk.Test", "OLab.TurkTalk.Test\OLab.TurkTalk.Test.csproj", "{60306112-AF5A-47AF-B10E-FCA7AE84CA68}"
EndProject
Global
	GlobalSection(SolutionConfigurationPlatforms) = preSolution
		Debug|Any CPU = Debug|Any CPU
		Release|Any CPU = Release|Any CPU
	EndGlobalSection
	GlobalSection(ProjectConfigurationPlatforms) = postSolution
		{5891AC2E-1138-4B1D-AAD8-F9FCA5EE9141}.Debug|Any CPU.ActiveCfg = Debug|Any CPU
		{5891AC2E-1138-4B1D-AAD8-F9FCA5EE9141}.Debug|Any CPU.Build.0 = Debug|Any CPU
		{5891AC2E-1138-4B1D-AAD8-F9FCA5EE9141}.Release|Any CPU.ActiveCfg = Release|Any CPU
		{5891AC2E-1138-4B1D-AAD8-F9FCA5EE9141}.Release|Any CPU.Build.0 = Release|Any CPU
		{FBFBF41C-D4C5-49F5-B043-02BE3D05F4EF}.Debug|Any CPU.ActiveCfg = Debug|Any CPU
		{FBFBF41C-D4C5-49F5-B043-02BE3D05F4EF}.Debug|Any CPU.Build.0 = Debug|Any CPU
		{FBFBF41C-D4C5-49F5-B043-02BE3D05F4EF}.Release|Any CPU.ActiveCfg = Release|Any CPU
		{FBFBF41C-D4C5-49F5-B043-02BE3D05F4EF}.Release|Any CPU.Build.0 = Release|Any CPU
		{60306112-AF5A-47AF-B10E-FCA7AE84CA68}.Debug|Any CPU.ActiveCfg = Debug|Any CPU
		{60306112-AF5A-47AF-B10E-FCA7AE84CA68}.Debug|Any CPU.Build.0 = Debug|Any CPU
		{60306112-AF5A-47AF-B10E-FCA7AE84CA68}.Release|Any CPU.ActiveCfg = Release|Any CPU
		{60306112-AF5A-47AF-B10E-FCA7AE84CA68}.Release|Any CPU.Build.0 = Release|Any CPU
	EndGlobalSection
	GlobalSection(SolutionProperties) = preSolution
		HideSolutionNode = FALSE
	EndGlobalSection
	GlobalSection(ExtensibilityGlobals) = postSolution
		SolutionGuid = {36336550-64DC-429E-A134-B6BE991ABCA3}
	EndGlobalSection
EndGlobal
