
Microsoft Visual Studio Solution File, Format Version 12.00
# Visual Studio Version 17
VisualStudioVersion = 17.1.32228.430
MinimumVisualStudioVersion = 15.0.26124.0
Project("{9A19103F-16F7-4668-BE54-9A1E7A4F7556}") = "TurkTalkSvc", "TurkTalkSvc.csproj", "{7F1D2DD4-DB22-4A2C-AC5B-71706702777C}"
	ProjectSection(ProjectDependencies) = postProject
		{B117401C-D7D0-427B-8FA0-8F3A98587D2F} = {B117401C-D7D0-427B-8FA0-8F3A98587D2F}
	EndProjectSection
EndProject
Project("{9A19103F-16F7-4668-BE54-9A1E7A4F7556}") = "OLab.Common", "..\..\Common\Common\OLab.Common.csproj", "{C6DE7058-57E0-4CF2-A7CC-A4E3A5AC6F8D}"
EndProject
Project("{9A19103F-16F7-4668-BE54-9A1E7A4F7556}") = "OLab.Data", "..\..\Common\Data\OLab.Data.csproj", "{4D628F2F-7C04-4D47-AB08-C5C8DA9FCA34}"
EndProject
Project("{9A19103F-16F7-4668-BE54-9A1E7A4F7556}") = "OLab.WikiTags", "..\..\Common\WikiTags\OLab.WikiTags.csproj", "{49105A09-7DD4-4DB7-B4B4-91BFE5B07BC6}"
EndProject
Project("{9A19103F-16F7-4668-BE54-9A1E7A4F7556}") = "OLab.Endpoints", "..\..\Common\Endpoints\OLab.Endpoints.csproj", "{B117401C-D7D0-427B-8FA0-8F3A98587D2F}"
EndProject
Project("{9A19103F-16F7-4668-BE54-9A1E7A4F7556}") = "OLab.Access", "..\..\Api\OLab.Access\OLab.Access.csproj", "{54407132-264B-44A7-AC4B-1C1F9CEE4D18}"
EndProject
Project("{9A19103F-16F7-4668-BE54-9A1E7A4F7556}") = "OLab.Import", "..\..\Common\Import\OLab.Import.csproj", "{825B6098-B6FC-48F1-8E7A-DB4C2976BAF9}"
EndProject
Global
	GlobalSection(SolutionConfigurationPlatforms) = preSolution
		Debug|Any CPU = Debug|Any CPU
		Debug|x64 = Debug|x64
		Debug|x86 = Debug|x86
		Release|Any CPU = Release|Any CPU
		Release|x64 = Release|x64
		Release|x86 = Release|x86
	EndGlobalSection
	GlobalSection(ProjectConfigurationPlatforms) = postSolution
		{7F1D2DD4-DB22-4A2C-AC5B-71706702777C}.Debug|Any CPU.ActiveCfg = Debug|Any CPU
		{7F1D2DD4-DB22-4A2C-AC5B-71706702777C}.Debug|Any CPU.Build.0 = Debug|Any CPU
		{7F1D2DD4-DB22-4A2C-AC5B-71706702777C}.Debug|x64.ActiveCfg = Debug|Any CPU
		{7F1D2DD4-DB22-4A2C-AC5B-71706702777C}.Debug|x64.Build.0 = Debug|Any CPU
		{7F1D2DD4-DB22-4A2C-AC5B-71706702777C}.Debug|x86.ActiveCfg = Debug|Any CPU
		{7F1D2DD4-DB22-4A2C-AC5B-71706702777C}.Debug|x86.Build.0 = Debug|Any CPU
		{7F1D2DD4-DB22-4A2C-AC5B-71706702777C}.Release|Any CPU.ActiveCfg = Release|Any CPU
		{7F1D2DD4-DB22-4A2C-AC5B-71706702777C}.Release|Any CPU.Build.0 = Release|Any CPU
		{7F1D2DD4-DB22-4A2C-AC5B-71706702777C}.Release|x64.ActiveCfg = Release|Any CPU
		{7F1D2DD4-DB22-4A2C-AC5B-71706702777C}.Release|x64.Build.0 = Release|Any CPU
		{7F1D2DD4-DB22-4A2C-AC5B-71706702777C}.Release|x86.ActiveCfg = Release|Any CPU
		{7F1D2DD4-DB22-4A2C-AC5B-71706702777C}.Release|x86.Build.0 = Release|Any CPU
		{C6DE7058-57E0-4CF2-A7CC-A4E3A5AC6F8D}.Debug|Any CPU.ActiveCfg = Debug|Any CPU
		{C6DE7058-57E0-4CF2-A7CC-A4E3A5AC6F8D}.Debug|Any CPU.Build.0 = Debug|Any CPU
		{C6DE7058-57E0-4CF2-A7CC-A4E3A5AC6F8D}.Debug|x64.ActiveCfg = Debug|Any CPU
		{C6DE7058-57E0-4CF2-A7CC-A4E3A5AC6F8D}.Debug|x64.Build.0 = Debug|Any CPU
		{C6DE7058-57E0-4CF2-A7CC-A4E3A5AC6F8D}.Debug|x86.ActiveCfg = Debug|Any CPU
		{C6DE7058-57E0-4CF2-A7CC-A4E3A5AC6F8D}.Debug|x86.Build.0 = Debug|Any CPU
		{C6DE7058-57E0-4CF2-A7CC-A4E3A5AC6F8D}.Release|Any CPU.ActiveCfg = Release|Any CPU
		{C6DE7058-57E0-4CF2-A7CC-A4E3A5AC6F8D}.Release|Any CPU.Build.0 = Release|Any CPU
		{C6DE7058-57E0-4CF2-A7CC-A4E3A5AC6F8D}.Release|x64.ActiveCfg = Release|Any CPU
		{C6DE7058-57E0-4CF2-A7CC-A4E3A5AC6F8D}.Release|x64.Build.0 = Release|Any CPU
		{C6DE7058-57E0-4CF2-A7CC-A4E3A5AC6F8D}.Release|x86.ActiveCfg = Release|Any CPU
		{C6DE7058-57E0-4CF2-A7CC-A4E3A5AC6F8D}.Release|x86.Build.0 = Release|Any CPU
		{4D628F2F-7C04-4D47-AB08-C5C8DA9FCA34}.Debug|Any CPU.ActiveCfg = Debug|Any CPU
		{4D628F2F-7C04-4D47-AB08-C5C8DA9FCA34}.Debug|Any CPU.Build.0 = Debug|Any CPU
		{4D628F2F-7C04-4D47-AB08-C5C8DA9FCA34}.Debug|x64.ActiveCfg = Debug|Any CPU
		{4D628F2F-7C04-4D47-AB08-C5C8DA9FCA34}.Debug|x64.Build.0 = Debug|Any CPU
		{4D628F2F-7C04-4D47-AB08-C5C8DA9FCA34}.Debug|x86.ActiveCfg = Debug|Any CPU
		{4D628F2F-7C04-4D47-AB08-C5C8DA9FCA34}.Debug|x86.Build.0 = Debug|Any CPU
		{4D628F2F-7C04-4D47-AB08-C5C8DA9FCA34}.Release|Any CPU.ActiveCfg = Release|Any CPU
		{4D628F2F-7C04-4D47-AB08-C5C8DA9FCA34}.Release|Any CPU.Build.0 = Release|Any CPU
		{4D628F2F-7C04-4D47-AB08-C5C8DA9FCA34}.Release|x64.ActiveCfg = Release|Any CPU
		{4D628F2F-7C04-4D47-AB08-C5C8DA9FCA34}.Release|x64.Build.0 = Release|Any CPU
		{4D628F2F-7C04-4D47-AB08-C5C8DA9FCA34}.Release|x86.ActiveCfg = Release|Any CPU
		{4D628F2F-7C04-4D47-AB08-C5C8DA9FCA34}.Release|x86.Build.0 = Release|Any CPU
		{49105A09-7DD4-4DB7-B4B4-91BFE5B07BC6}.Debug|Any CPU.ActiveCfg = Debug|Any CPU
		{49105A09-7DD4-4DB7-B4B4-91BFE5B07BC6}.Debug|Any CPU.Build.0 = Debug|Any CPU
		{49105A09-7DD4-4DB7-B4B4-91BFE5B07BC6}.Debug|x64.ActiveCfg = Debug|Any CPU
		{49105A09-7DD4-4DB7-B4B4-91BFE5B07BC6}.Debug|x64.Build.0 = Debug|Any CPU
		{49105A09-7DD4-4DB7-B4B4-91BFE5B07BC6}.Debug|x86.ActiveCfg = Debug|Any CPU
		{49105A09-7DD4-4DB7-B4B4-91BFE5B07BC6}.Debug|x86.Build.0 = Debug|Any CPU
		{49105A09-7DD4-4DB7-B4B4-91BFE5B07BC6}.Release|Any CPU.ActiveCfg = Release|Any CPU
		{49105A09-7DD4-4DB7-B4B4-91BFE5B07BC6}.Release|Any CPU.Build.0 = Release|Any CPU
		{49105A09-7DD4-4DB7-B4B4-91BFE5B07BC6}.Release|x64.ActiveCfg = Release|Any CPU
		{49105A09-7DD4-4DB7-B4B4-91BFE5B07BC6}.Release|x64.Build.0 = Release|Any CPU
		{49105A09-7DD4-4DB7-B4B4-91BFE5B07BC6}.Release|x86.ActiveCfg = Release|Any CPU
		{49105A09-7DD4-4DB7-B4B4-91BFE5B07BC6}.Release|x86.Build.0 = Release|Any CPU
		{B117401C-D7D0-427B-8FA0-8F3A98587D2F}.Debug|Any CPU.ActiveCfg = Debug|Any CPU
		{B117401C-D7D0-427B-8FA0-8F3A98587D2F}.Debug|Any CPU.Build.0 = Debug|Any CPU
		{B117401C-D7D0-427B-8FA0-8F3A98587D2F}.Debug|x64.ActiveCfg = Debug|Any CPU
		{B117401C-D7D0-427B-8FA0-8F3A98587D2F}.Debug|x64.Build.0 = Debug|Any CPU
		{B117401C-D7D0-427B-8FA0-8F3A98587D2F}.Debug|x86.ActiveCfg = Debug|Any CPU
		{B117401C-D7D0-427B-8FA0-8F3A98587D2F}.Debug|x86.Build.0 = Debug|Any CPU
		{B117401C-D7D0-427B-8FA0-8F3A98587D2F}.Release|Any CPU.ActiveCfg = Release|Any CPU
		{B117401C-D7D0-427B-8FA0-8F3A98587D2F}.Release|Any CPU.Build.0 = Release|Any CPU
		{B117401C-D7D0-427B-8FA0-8F3A98587D2F}.Release|x64.ActiveCfg = Release|Any CPU
		{B117401C-D7D0-427B-8FA0-8F3A98587D2F}.Release|x64.Build.0 = Release|Any CPU
		{B117401C-D7D0-427B-8FA0-8F3A98587D2F}.Release|x86.ActiveCfg = Release|Any CPU
		{B117401C-D7D0-427B-8FA0-8F3A98587D2F}.Release|x86.Build.0 = Release|Any CPU
		{54407132-264B-44A7-AC4B-1C1F9CEE4D18}.Debug|Any CPU.ActiveCfg = Debug|Any CPU
		{54407132-264B-44A7-AC4B-1C1F9CEE4D18}.Debug|Any CPU.Build.0 = Debug|Any CPU
		{54407132-264B-44A7-AC4B-1C1F9CEE4D18}.Debug|x64.ActiveCfg = Debug|Any CPU
		{54407132-264B-44A7-AC4B-1C1F9CEE4D18}.Debug|x64.Build.0 = Debug|Any CPU
		{54407132-264B-44A7-AC4B-1C1F9CEE4D18}.Debug|x86.ActiveCfg = Debug|Any CPU
		{54407132-264B-44A7-AC4B-1C1F9CEE4D18}.Debug|x86.Build.0 = Debug|Any CPU
		{54407132-264B-44A7-AC4B-1C1F9CEE4D18}.Release|Any CPU.ActiveCfg = Release|Any CPU
		{54407132-264B-44A7-AC4B-1C1F9CEE4D18}.Release|Any CPU.Build.0 = Release|Any CPU
		{54407132-264B-44A7-AC4B-1C1F9CEE4D18}.Release|x64.ActiveCfg = Release|Any CPU
		{54407132-264B-44A7-AC4B-1C1F9CEE4D18}.Release|x64.Build.0 = Release|Any CPU
		{54407132-264B-44A7-AC4B-1C1F9CEE4D18}.Release|x86.ActiveCfg = Release|Any CPU
		{54407132-264B-44A7-AC4B-1C1F9CEE4D18}.Release|x86.Build.0 = Release|Any CPU
		{825B6098-B6FC-48F1-8E7A-DB4C2976BAF9}.Debug|Any CPU.ActiveCfg = Debug|Any CPU
		{825B6098-B6FC-48F1-8E7A-DB4C2976BAF9}.Debug|Any CPU.Build.0 = Debug|Any CPU
		{825B6098-B6FC-48F1-8E7A-DB4C2976BAF9}.Debug|x64.ActiveCfg = Debug|Any CPU
		{825B6098-B6FC-48F1-8E7A-DB4C2976BAF9}.Debug|x64.Build.0 = Debug|Any CPU
		{825B6098-B6FC-48F1-8E7A-DB4C2976BAF9}.Debug|x86.ActiveCfg = Debug|Any CPU
		{825B6098-B6FC-48F1-8E7A-DB4C2976BAF9}.Debug|x86.Build.0 = Debug|Any CPU
		{825B6098-B6FC-48F1-8E7A-DB4C2976BAF9}.Release|Any CPU.ActiveCfg = Release|Any CPU
		{825B6098-B6FC-48F1-8E7A-DB4C2976BAF9}.Release|Any CPU.Build.0 = Release|Any CPU
		{825B6098-B6FC-48F1-8E7A-DB4C2976BAF9}.Release|x64.ActiveCfg = Release|Any CPU
		{825B6098-B6FC-48F1-8E7A-DB4C2976BAF9}.Release|x64.Build.0 = Release|Any CPU
		{825B6098-B6FC-48F1-8E7A-DB4C2976BAF9}.Release|x86.ActiveCfg = Release|Any CPU
		{825B6098-B6FC-48F1-8E7A-DB4C2976BAF9}.Release|x86.Build.0 = Release|Any CPU
	EndGlobalSection
	GlobalSection(SolutionProperties) = preSolution
		HideSolutionNode = FALSE
	EndGlobalSection
	GlobalSection(ExtensibilityGlobals) = postSolution
		SolutionGuid = {C81051CA-B669-4413-997C-FF53B5466277}
	EndGlobalSection
EndGlobal
