
Microsoft Visual Studio Solution File, Format Version 12.00
# Visual Studio Version 17
VisualStudioVersion = 17.1.32228.430
MinimumVisualStudioVersion = 15.0.26124.0
Project("{9A19103F-16F7-4668-BE54-9A1E7A4F7556}") = "OLab.TurkTalkSvc", "OLab.TurkTalkSvc.csproj", "{7F1D2DD4-DB22-4A2C-AC5B-71706702777C}"
EndProject
Project("{9A19103F-16F7-4668-BE54-9A1E7A4F7556}") = "OLab.Common", "..\..\Common\Common\OLab.Common.csproj", "{F195A69D-6868-4963-B556-F1A5F793BC7B}"
EndProject
Project("{9A19103F-16F7-4668-BE54-9A1E7A4F7556}") = "OLab.Data", "..\..\Common\Data\OLab.Data.csproj", "{FF3D3820-D3BA-4D8A-8B5D-17B02DD0EE06}"
EndProject
Project("{9A19103F-16F7-4668-BE54-9A1E7A4F7556}") = "OLab.Endpoints", "..\..\Common\Endpoints\OLab.Endpoints.csproj", "{ADC4BDFA-D8B9-48C3-BB17-8C59C5298455}"
EndProject
Project("{9A19103F-16F7-4668-BE54-9A1E7A4F7556}") = "OLab.WikiTags", "..\..\Common\WikiTags\OLab.WikiTags.csproj", "{BEE9767A-230D-4602-AAD3-7BF7F61CB585}"
EndProject
Global
	GlobalSection(SolutionConfigurationPlatforms) = preSolution
		Debug|Any CPU = Debug|Any CPU
		Debug|x64 = Debug|x64
		Debug|x86 = Debug|x86
		Release|Any CPU = Release|Any CPU
		Release|x64 = Release|x64
		Release|x86 = Release|x86
	EndGlobalSection
	GlobalSection(ProjectConfigurationPlatforms) = postSolution
		{7F1D2DD4-DB22-4A2C-AC5B-71706702777C}.Debug|Any CPU.ActiveCfg = Debug|Any CPU
		{7F1D2DD4-DB22-4A2C-AC5B-71706702777C}.Debug|Any CPU.Build.0 = Debug|Any CPU
		{7F1D2DD4-DB22-4A2C-AC5B-71706702777C}.Debug|x64.ActiveCfg = Debug|Any CPU
		{7F1D2DD4-DB22-4A2C-AC5B-71706702777C}.Debug|x64.Build.0 = Debug|Any CPU
		{7F1D2DD4-DB22-4A2C-AC5B-71706702777C}.Debug|x86.ActiveCfg = Debug|Any CPU
		{7F1D2DD4-DB22-4A2C-AC5B-71706702777C}.Debug|x86.Build.0 = Debug|Any CPU
		{7F1D2DD4-DB22-4A2C-AC5B-71706702777C}.Release|Any CPU.ActiveCfg = Release|Any CPU
		{7F1D2DD4-DB22-4A2C-AC5B-71706702777C}.Release|Any CPU.Build.0 = Release|Any CPU
		{7F1D2DD4-DB22-4A2C-AC5B-71706702777C}.Release|x64.ActiveCfg = Release|Any CPU
		{7F1D2DD4-DB22-4A2C-AC5B-71706702777C}.Release|x64.Build.0 = Release|Any CPU
		{7F1D2DD4-DB22-4A2C-AC5B-71706702777C}.Release|x86.ActiveCfg = Release|Any CPU
		{7F1D2DD4-DB22-4A2C-AC5B-71706702777C}.Release|x86.Build.0 = Release|Any CPU
		{F195A69D-6868-4963-B556-F1A5F793BC7B}.Debug|Any CPU.ActiveCfg = Debug|Any CPU
		{F195A69D-6868-4963-B556-F1A5F793BC7B}.Debug|Any CPU.Build.0 = Debug|Any CPU
		{F195A69D-6868-4963-B556-F1A5F793BC7B}.Debug|x64.ActiveCfg = Debug|Any CPU
		{F195A69D-6868-4963-B556-F1A5F793BC7B}.Debug|x64.Build.0 = Debug|Any CPU
		{F195A69D-6868-4963-B556-F1A5F793BC7B}.Debug|x86.ActiveCfg = Debug|Any CPU
		{F195A69D-6868-4963-B556-F1A5F793BC7B}.Debug|x86.Build.0 = Debug|Any CPU
		{F195A69D-6868-4963-B556-F1A5F793BC7B}.Release|Any CPU.ActiveCfg = Release|Any CPU
		{F195A69D-6868-4963-B556-F1A5F793BC7B}.Release|Any CPU.Build.0 = Release|Any CPU
		{F195A69D-6868-4963-B556-F1A5F793BC7B}.Release|x64.ActiveCfg = Release|Any CPU
		{F195A69D-6868-4963-B556-F1A5F793BC7B}.Release|x64.Build.0 = Release|Any CPU
		{F195A69D-6868-4963-B556-F1A5F793BC7B}.Release|x86.ActiveCfg = Release|Any CPU
		{F195A69D-6868-4963-B556-F1A5F793BC7B}.Release|x86.Build.0 = Release|Any CPU
		{FF3D3820-D3BA-4D8A-8B5D-17B02DD0EE06}.Debug|Any CPU.ActiveCfg = Debug|Any CPU
		{FF3D3820-D3BA-4D8A-8B5D-17B02DD0EE06}.Debug|Any CPU.Build.0 = Debug|Any CPU
		{FF3D3820-D3BA-4D8A-8B5D-17B02DD0EE06}.Debug|x64.ActiveCfg = Debug|Any CPU
		{FF3D3820-D3BA-4D8A-8B5D-17B02DD0EE06}.Debug|x64.Build.0 = Debug|Any CPU
		{FF3D3820-D3BA-4D8A-8B5D-17B02DD0EE06}.Debug|x86.ActiveCfg = Debug|Any CPU
		{FF3D3820-D3BA-4D8A-8B5D-17B02DD0EE06}.Debug|x86.Build.0 = Debug|Any CPU
		{FF3D3820-D3BA-4D8A-8B5D-17B02DD0EE06}.Release|Any CPU.ActiveCfg = Release|Any CPU
		{FF3D3820-D3BA-4D8A-8B5D-17B02DD0EE06}.Release|Any CPU.Build.0 = Release|Any CPU
		{FF3D3820-D3BA-4D8A-8B5D-17B02DD0EE06}.Release|x64.ActiveCfg = Release|Any CPU
		{FF3D3820-D3BA-4D8A-8B5D-17B02DD0EE06}.Release|x64.Build.0 = Release|Any CPU
		{FF3D3820-D3BA-4D8A-8B5D-17B02DD0EE06}.Release|x86.ActiveCfg = Release|Any CPU
		{FF3D3820-D3BA-4D8A-8B5D-17B02DD0EE06}.Release|x86.Build.0 = Release|Any CPU
		{ADC4BDFA-D8B9-48C3-BB17-8C59C5298455}.Debug|Any CPU.ActiveCfg = Debug|Any CPU
		{ADC4BDFA-D8B9-48C3-BB17-8C59C5298455}.Debug|Any CPU.Build.0 = Debug|Any CPU
		{ADC4BDFA-D8B9-48C3-BB17-8C59C5298455}.Debug|x64.ActiveCfg = Debug|Any CPU
		{ADC4BDFA-D8B9-48C3-BB17-8C59C5298455}.Debug|x64.Build.0 = Debug|Any CPU
		{ADC4BDFA-D8B9-48C3-BB17-8C59C5298455}.Debug|x86.ActiveCfg = Debug|Any CPU
		{ADC4BDFA-D8B9-48C3-BB17-8C59C5298455}.Debug|x86.Build.0 = Debug|Any CPU
		{ADC4BDFA-D8B9-48C3-BB17-8C59C5298455}.Release|Any CPU.ActiveCfg = Release|Any CPU
		{ADC4BDFA-D8B9-48C3-BB17-8C59C5298455}.Release|Any CPU.Build.0 = Release|Any CPU
		{ADC4BDFA-D8B9-48C3-BB17-8C59C5298455}.Release|x64.ActiveCfg = Release|Any CPU
		{ADC4BDFA-D8B9-48C3-BB17-8C59C5298455}.Release|x64.Build.0 = Release|Any CPU
		{ADC4BDFA-D8B9-48C3-BB17-8C59C5298455}.Release|x86.ActiveCfg = Release|Any CPU
		{ADC4BDFA-D8B9-48C3-BB17-8C59C5298455}.Release|x86.Build.0 = Release|Any CPU
		{BEE9767A-230D-4602-AAD3-7BF7F61CB585}.Debug|Any CPU.ActiveCfg = Debug|Any CPU
		{BEE9767A-230D-4602-AAD3-7BF7F61CB585}.Debug|Any CPU.Build.0 = Debug|Any CPU
		{BEE9767A-230D-4602-AAD3-7BF7F61CB585}.Debug|x64.ActiveCfg = Debug|Any CPU
		{BEE9767A-230D-4602-AAD3-7BF7F61CB585}.Debug|x64.Build.0 = Debug|Any CPU
		{BEE9767A-230D-4602-AAD3-7BF7F61CB585}.Debug|x86.ActiveCfg = Debug|Any CPU
		{BEE9767A-230D-4602-AAD3-7BF7F61CB585}.Debug|x86.Build.0 = Debug|Any CPU
		{BEE9767A-230D-4602-AAD3-7BF7F61CB585}.Release|Any CPU.ActiveCfg = Release|Any CPU
		{BEE9767A-230D-4602-AAD3-7BF7F61CB585}.Release|Any CPU.Build.0 = Release|Any CPU
		{BEE9767A-230D-4602-AAD3-7BF7F61CB585}.Release|x64.ActiveCfg = Release|Any CPU
		{BEE9767A-230D-4602-AAD3-7BF7F61CB585}.Release|x64.Build.0 = Release|Any CPU
		{BEE9767A-230D-4602-AAD3-7BF7F61CB585}.Release|x86.ActiveCfg = Release|Any CPU
		{BEE9767A-230D-4602-AAD3-7BF7F61CB585}.Release|x86.Build.0 = Release|Any CPU
	EndGlobalSection
	GlobalSection(SolutionProperties) = preSolution
		HideSolutionNode = FALSE
	EndGlobalSection
	GlobalSection(ExtensibilityGlobals) = postSolution
		SolutionGuid = {C81051CA-B669-4413-997C-FF53B5466277}
	EndGlobalSection
EndGlobal
