
Microsoft Visual Studio Solution File, Format Version 12.00
# Visual Studio Version 17
VisualStudioVersion = 17.4.33110.190
MinimumVisualStudioVersion = 10.0.40219.1
Project("{FAE04EC0-301F-11D3-BF4B-00C04F79EFBC}") = "ModeratorSimulator", "ModeratorSimulator.csproj", "{6332253F-9187-4E12-9742-80B47B0AA080}"
EndProject
Project("{FAE04EC0-301F-11D3-BF4B-00C04F79EFBC}") = "OLab.Common", "..\..\Common\Common\OLab.Common.csproj", "{74351720-9259-261C-5F68-3138AD8E9559}"
EndProject
Project("{FAE04EC0-301F-11D3-BF4B-00C04F79EFBC}") = "OLab.Data", "..\..\Common\Data\OLab.Data.csproj", "{53198F09-160C-52B6-ED96-E0F974A09C6D}"
EndProject
Project("{FAE04EC0-301F-11D3-BF4B-00C04F79EFBC}") = "OLab.WikiTags", "..\..\Common\WikiTags\OLab.WikiTags.csproj", "{502EE352-3ADD-04AA-3B05-4DC67DD6D002}"
EndProject
Global
	GlobalSection(SolutionConfigurationPlatforms) = preSolution
		Debug|Any CPU = Debug|Any CPU
		Release|Any CPU = Release|Any CPU
	EndGlobalSection
	GlobalSection(ProjectConfigurationPlatforms) = postSolution
		{6332253F-9187-4E12-9742-80B47B0AA080}.Debug|Any CPU.ActiveCfg = Debug|Any CPU
		{6332253F-9187-4E12-9742-80B47B0AA080}.Debug|Any CPU.Build.0 = Debug|Any CPU
		{6332253F-9187-4E12-9742-80B47B0AA080}.Release|Any CPU.ActiveCfg = Release|Any CPU
		{6332253F-9187-4E12-9742-80B47B0AA080}.Release|Any CPU.Build.0 = Release|Any CPU
		{74351720-9259-261C-5F68-3138AD8E9559}.Debug|Any CPU.ActiveCfg = Debug|Any CPU
		{74351720-9259-261C-5F68-3138AD8E9559}.Debug|Any CPU.Build.0 = Debug|Any CPU
		{74351720-9259-261C-5F68-3138AD8E9559}.Release|Any CPU.ActiveCfg = Release|Any CPU
		{74351720-9259-261C-5F68-3138AD8E9559}.Release|Any CPU.Build.0 = Release|Any CPU
		{53198F09-160C-52B6-ED96-E0F974A09C6D}.Debug|Any CPU.ActiveCfg = Debug|Any CPU
		{53198F09-160C-52B6-ED96-E0F974A09C6D}.Debug|Any CPU.Build.0 = Debug|Any CPU
		{53198F09-160C-52B6-ED96-E0F974A09C6D}.Release|Any CPU.ActiveCfg = Release|Any CPU
		{53198F09-160C-52B6-ED96-E0F974A09C6D}.Release|Any CPU.Build.0 = Release|Any CPU
		{502EE352-3ADD-04AA-3B05-4DC67DD6D002}.Debug|Any CPU.ActiveCfg = Debug|Any CPU
		{502EE352-3ADD-04AA-3B05-4DC67DD6D002}.Debug|Any CPU.Build.0 = Debug|Any CPU
		{502EE352-3ADD-04AA-3B05-4DC67DD6D002}.Release|Any CPU.ActiveCfg = Release|Any CPU
		{502EE352-3ADD-04AA-3B05-4DC67DD6D002}.Release|Any CPU.Build.0 = Release|Any CPU
	EndGlobalSection
	GlobalSection(SolutionProperties) = preSolution
		HideSolutionNode = FALSE
	EndGlobalSection
	GlobalSection(ExtensibilityGlobals) = postSolution
		SolutionGuid = {99A0B8DF-C7EA-4576-B7D9-F79F5B2D4588}
	EndGlobalSection
EndGlobal
